
Microsoft Visual Studio Solution File, Format Version 12.00
# Visual Studio Version 16
VisualStudioVersion = 16.0.29324.140
MinimumVisualStudioVersion = 10.0.40219.1
Project("{FAE04EC0-301F-11D3-BF4B-00C04F79EFBC}") = "CucumberSample", "CucumberSample\CucumberSample.csproj", "{0908EEB2-C2B5-440B-B3DD-DC3C85A2483F}"
EndProject
Global
	GlobalSection(SolutionConfigurationPlatforms) = preSolution
		Debug|Any CPU = Debug|Any CPU
		Release|Any CPU = Release|Any CPU
	EndGlobalSection
	GlobalSection(ProjectConfigurationPlatforms) = postSolution
		{0908EEB2-C2B5-440B-B3DD-DC3C85A2483F}.Debug|Any CPU.ActiveCfg = Debug|Any CPU
		{0908EEB2-C2B5-440B-B3DD-DC3C85A2483F}.Debug|Any CPU.Build.0 = Debug|Any CPU
		{0908EEB2-C2B5-440B-B3DD-DC3C85A2483F}.Release|Any CPU.ActiveCfg = Release|Any CPU
		{0908EEB2-C2B5-440B-B3DD-DC3C85A2483F}.Release|Any CPU.Build.0 = Release|Any CPU
	EndGlobalSection
	GlobalSection(SolutionProperties) = preSolution
		HideSolutionNode = FALSE
	EndGlobalSection
	GlobalSection(ExtensibilityGlobals) = postSolution
		SolutionGuid = {742C23D0-8A63-46B0-BD49-64871D25FD42}
	EndGlobalSection
EndGlobal
