
Microsoft Visual Studio Solution File, Format Version 12.00
# Visual Studio Version 16
VisualStudioVersion = 16.0.29324.140
MinimumVisualStudioVersion = 10.0.40219.1
Project("{F2A71F9B-5D33-465A-A702-920D77279786}") = "CanopyStandAloneSample", "CanopyStandAloneSample\CanopyStandAloneSample.fsproj", "{23109D3C-4C74-48B0-87C2-EFA8ABA8D115}"
EndProject
Global
	GlobalSection(SolutionConfigurationPlatforms) = preSolution
		Debug|Any CPU = Debug|Any CPU
		Release|Any CPU = Release|Any CPU
	EndGlobalSection
	GlobalSection(ProjectConfigurationPlatforms) = postSolution
		{23109D3C-4C74-48B0-87C2-EFA8ABA8D115}.Debug|Any CPU.ActiveCfg = Debug|Any CPU
		{23109D3C-4C74-48B0-87C2-EFA8ABA8D115}.Debug|Any CPU.Build.0 = Debug|Any CPU
		{23109D3C-4C74-48B0-87C2-EFA8ABA8D115}.Release|Any CPU.ActiveCfg = Release|Any CPU
		{23109D3C-4C74-48B0-87C2-EFA8ABA8D115}.Release|Any CPU.Build.0 = Release|Any CPU
	EndGlobalSection
	GlobalSection(SolutionProperties) = preSolution
		HideSolutionNode = FALSE
	EndGlobalSection
	GlobalSection(ExtensibilityGlobals) = postSolution
		SolutionGuid = {CB155815-DBBD-442F-851A-B1616EE681A0}
	EndGlobalSection
EndGlobal
